// !$*UTF8*$!
{
	archiveVersion = 1;
	classes = {
	};
	objectVersion = 50;
	objects = {

/* Begin PBXBuildFile section */
		0D33E6502356464300D1A239 /* SortType.swift in Sources */ = {isa = PBXBuildFile; fileRef = 0D33E64F2356464300D1A239 /* SortType.swift */; };
		0D33E652235653BE00D1A239 /* TimelineMomentCollectionProtocol.swift in Sources */ = {isa = PBXBuildFile; fileRef = 0D33E651235653BE00D1A239 /* TimelineMomentCollectionProtocol.swift */; };
		0D33E6542356542600D1A239 /* TimelineMomentProtocol.swift in Sources */ = {isa = PBXBuildFile; fileRef = 0D33E6532356542600D1A239 /* TimelineMomentProtocol.swift */; };
		0D33E657235659DD00D1A239 /* TimeLineMomentCollection.swift in Sources */ = {isa = PBXBuildFile; fileRef = 0D33E656235659DD00D1A239 /* TimeLineMomentCollection.swift */; };
		0D33E6592356675D00D1A239 /* TimelineMoment.swift in Sources */ = {isa = PBXBuildFile; fileRef = 0D33E6582356675D00D1A239 /* TimelineMoment.swift */; };
		0D3D02A8235543B000C46ECE /* TimelineViewController.swift in Sources */ = {isa = PBXBuildFile; fileRef = 0D3D02A6235542FD00C46ECE /* TimelineViewController.swift */; };
		0D3D02A9235543CE00C46ECE /* TimeRange.swift in Sources */ = {isa = PBXBuildFile; fileRef = 0D3D0290235542FB00C46ECE /* TimeRange.swift */; };
		0D3D02AA235543E300C46ECE /* TimePeriodProtocol.swift in Sources */ = {isa = PBXBuildFile; fileRef = 0D3D028C235542FB00C46ECE /* TimePeriodProtocol.swift */; };
		0D3D02AB235543E500C46ECE /* TimeRangeProtocol.swift in Sources */ = {isa = PBXBuildFile; fileRef = 0D3D028F235542FB00C46ECE /* TimeRangeProtocol.swift */; };
		0D3D02AC235543E600C46ECE /* TimeBlockProtocol.swift in Sources */ = {isa = PBXBuildFile; fileRef = 0D3D028D235542FB00C46ECE /* TimeBlockProtocol.swift */; };
		0D3D02AD235543E900C46ECE /* TimeBlock.swift in Sources */ = {isa = PBXBuildFile; fileRef = 0D3D028E235542FB00C46ECE /* TimeBlock.swift */; };
		0D3D02AE2355440000C46ECE /* TimePeriodCollectionProtocol.swift in Sources */ = {isa = PBXBuildFile; fileRef = 0D3D0299235542FB00C46ECE /* TimePeriodCollectionProtocol.swift */; };
		0D3D02AF2355440000C46ECE /* TimePeriodContainerProtocol.swift in Sources */ = {isa = PBXBuildFile; fileRef = 0D3D0297235542FB00C46ECE /* TimePeriodContainerProtocol.swift */; };
		0D3D02B02355440000C46ECE /* TimePeriodCollection.swift in Sources */ = {isa = PBXBuildFile; fileRef = 0D3D0298235542FB00C46ECE /* TimePeriodCollection.swift */; };
		0D3D02B12355441200C46ECE /* TimePeriodEndComparer.swift in Sources */ = {isa = PBXBuildFile; fileRef = 0D3D029D235542FB00C46ECE /* TimePeriodEndComparer.swift */; };
		0D3D02B22355441200C46ECE /* TimePeriodReverseComparer.swift in Sources */ = {isa = PBXBuildFile; fileRef = 0D3D029B235542FB00C46ECE /* TimePeriodReverseComparer.swift */; };
		0D3D02B32355441200C46ECE /* TimePeriodStartComparer.swift in Sources */ = {isa = PBXBuildFile; fileRef = 0D3D029C235542FB00C46ECE /* TimePeriodStartComparer.swift */; };
		0D3D02B42355441200C46ECE /* TimePeriodComparerProtocol.swift in Sources */ = {isa = PBXBuildFile; fileRef = 0D3D029E235542FB00C46ECE /* TimePeriodComparerProtocol.swift */; };
		0D3D02B52355441200C46ECE /* TimePeriodDurationComparer.swift in Sources */ = {isa = PBXBuildFile; fileRef = 0D3D029F235542FB00C46ECE /* TimePeriodDurationComparer.swift */; };
		0D3D02B62355442000C46ECE /* TimePeriodCalc.swift in Sources */ = {isa = PBXBuildFile; fileRef = 0D3D0293235542FB00C46ECE /* TimePeriodCalc.swift */; };
		0D3D02B72355442000C46ECE /* IntervalEdge.swift in Sources */ = {isa = PBXBuildFile; fileRef = 0D3D0294235542FB00C46ECE /* IntervalEdge.swift */; };
		0D3D02B82355442000C46ECE /* DurationProviderProtocol.swift in Sources */ = {isa = PBXBuildFile; fileRef = 0D3D02A3235542FB00C46ECE /* DurationProviderProtocol.swift */; };
		0D3D02B92355442000C46ECE /* SortDirection.swift in Sources */ = {isa = PBXBuildFile; fileRef = 0D3D0292235542FB00C46ECE /* SortDirection.swift */; };
		0D3D02BA2355442000C46ECE /* TimePeriodMapperProtocol.swift in Sources */ = {isa = PBXBuildFile; fileRef = 0D3D02A4235542FB00C46ECE /* TimePeriodMapperProtocol.swift */; };
		0D3D02BB2355442000C46ECE /* DurationProvider.swift in Sources */ = {isa = PBXBuildFile; fileRef = 0D3D02A2235542FB00C46ECE /* DurationProvider.swift */; };
		0D3D02BC2355442000C46ECE /* TimeSpec.swift in Sources */ = {isa = PBXBuildFile; fileRef = 0D3D0296235542FB00C46ECE /* TimeSpec.swift */; };
		0D3D02BD2355442000C46ECE /* PeriodRelation.swift in Sources */ = {isa = PBXBuildFile; fileRef = 0D3D0295235542FB00C46ECE /* PeriodRelation.swift */; };
		0D3D02BE2355442000C46ECE /* DurationFormatType.swift in Sources */ = {isa = PBXBuildFile; fileRef = 0D3D02A1235542FB00C46ECE /* DurationFormatType.swift */; };
		0D4F4D2423552ED900D7D01D /* Assets.xcassets in Resources */ = {isa = PBXBuildFile; fileRef = 0D4F4D2323552ED900D7D01D /* Assets.xcassets */; };
		0D4F4D2723552ED900D7D01D /* Preview Assets.xcassets in Resources */ = {isa = PBXBuildFile; fileRef = 0D4F4D2623552ED900D7D01D /* Preview Assets.xcassets */; };
		0D4F4D2A23552ED900D7D01D /* LaunchScreen.storyboard in Resources */ = {isa = PBXBuildFile; fileRef = 0D4F4D2823552ED900D7D01D /* LaunchScreen.storyboard */; };
		0D4F4D3523552ED900D7D01D /* MyTimePeriodTests.swift in Sources */ = {isa = PBXBuildFile; fileRef = 0D4F4D3423552ED900D7D01D /* MyTimePeriodTests.swift */; };
		0D4F4D4023552ED900D7D01D /* MyTimePeriodUITests.swift in Sources */ = {isa = PBXBuildFile; fileRef = 0D4F4D3F23552ED900D7D01D /* MyTimePeriodUITests.swift */; };
		0D4F4D8723552FC900D7D01D /* AppDelegate.swift in Sources */ = {isa = PBXBuildFile; fileRef = 0D4F4D8623552FC900D7D01D /* AppDelegate.swift */; };
/* End PBXBuildFile section */

/* Begin PBXContainerItemProxy section */
		0D4F4D3123552ED900D7D01D /* PBXContainerItemProxy */ = {
			isa = PBXContainerItemProxy;
			containerPortal = 0D4F4D1223552ED500D7D01D /* Project object */;
			proxyType = 1;
			remoteGlobalIDString = 0D4F4D1923552ED500D7D01D;
			remoteInfo = MyTimePeriod;
		};
		0D4F4D3C23552ED900D7D01D /* PBXContainerItemProxy */ = {
			isa = PBXContainerItemProxy;
			containerPortal = 0D4F4D1223552ED500D7D01D /* Project object */;
			proxyType = 1;
			remoteGlobalIDString = 0D4F4D1923552ED500D7D01D;
			remoteInfo = MyTimePeriod;
		};
/* End PBXContainerItemProxy section */

/* Begin PBXFileReference section */
		0D33E64F2356464300D1A239 /* SortType.swift */ = {isa = PBXFileReference; fileEncoding = 4; lastKnownFileType = sourcecode.swift; path = SortType.swift; sourceTree = "<group>"; };
		0D33E651235653BE00D1A239 /* TimelineMomentCollectionProtocol.swift */ = {isa = PBXFileReference; fileEncoding = 4; lastKnownFileType = sourcecode.swift; name = TimelineMomentCollectionProtocol.swift; path = ../TimelineMomentCollectionProtocol.swift; sourceTree = "<group>"; };
		0D33E6532356542600D1A239 /* TimelineMomentProtocol.swift */ = {isa = PBXFileReference; lastKnownFileType = sourcecode.swift; name = TimelineMomentProtocol.swift; path = ../TimelineMomentProtocol.swift; sourceTree = "<group>"; };
		0D33E656235659DD00D1A239 /* TimeLineMomentCollection.swift */ = {isa = PBXFileReference; lastKnownFileType = sourcecode.swift; path = TimeLineMomentCollection.swift; sourceTree = "<group>"; };
		0D33E6582356675D00D1A239 /* TimelineMoment.swift */ = {isa = PBXFileReference; lastKnownFileType = sourcecode.swift; path = TimelineMoment.swift; sourceTree = "<group>"; };
		0D3D028C235542FB00C46ECE /* TimePeriodProtocol.swift */ = {isa = PBXFileReference; lastKnownFileType = sourcecode.swift; path = TimePeriodProtocol.swift; sourceTree = "<group>"; };
		0D3D028D235542FB00C46ECE /* TimeBlockProtocol.swift */ = {isa = PBXFileReference; lastKnownFileType = sourcecode.swift; path = TimeBlockProtocol.swift; sourceTree = "<group>"; };
		0D3D028E235542FB00C46ECE /* TimeBlock.swift */ = {isa = PBXFileReference; lastKnownFileType = sourcecode.swift; path = TimeBlock.swift; sourceTree = "<group>"; };
		0D3D028F235542FB00C46ECE /* TimeRangeProtocol.swift */ = {isa = PBXFileReference; lastKnownFileType = sourcecode.swift; path = TimeRangeProtocol.swift; sourceTree = "<group>"; };
		0D3D0290235542FB00C46ECE /* TimeRange.swift */ = {isa = PBXFileReference; lastKnownFileType = sourcecode.swift; path = TimeRange.swift; sourceTree = "<group>"; };
		0D3D0292235542FB00C46ECE /* SortDirection.swift */ = {isa = PBXFileReference; lastKnownFileType = sourcecode.swift; path = SortDirection.swift; sourceTree = "<group>"; };
		0D3D0293235542FB00C46ECE /* TimePeriodCalc.swift */ = {isa = PBXFileReference; lastKnownFileType = sourcecode.swift; path = TimePeriodCalc.swift; sourceTree = "<group>"; };
		0D3D0294235542FB00C46ECE /* IntervalEdge.swift */ = {isa = PBXFileReference; lastKnownFileType = sourcecode.swift; path = IntervalEdge.swift; sourceTree = "<group>"; };
		0D3D0295235542FB00C46ECE /* PeriodRelation.swift */ = {isa = PBXFileReference; lastKnownFileType = sourcecode.swift; path = PeriodRelation.swift; sourceTree = "<group>"; };
		0D3D0296235542FB00C46ECE /* TimeSpec.swift */ = {isa = PBXFileReference; lastKnownFileType = sourcecode.swift; path = TimeSpec.swift; sourceTree = "<group>"; };
		0D3D0297235542FB00C46ECE /* TimePeriodContainerProtocol.swift */ = {isa = PBXFileReference; lastKnownFileType = sourcecode.swift; path = TimePeriodContainerProtocol.swift; sourceTree = "<group>"; };
		0D3D0298235542FB00C46ECE /* TimePeriodCollection.swift */ = {isa = PBXFileReference; lastKnownFileType = sourcecode.swift; path = TimePeriodCollection.swift; sourceTree = "<group>"; };
		0D3D0299235542FB00C46ECE /* TimePeriodCollectionProtocol.swift */ = {isa = PBXFileReference; lastKnownFileType = sourcecode.swift; path = TimePeriodCollectionProtocol.swift; sourceTree = "<group>"; };
		0D3D029B235542FB00C46ECE /* TimePeriodReverseComparer.swift */ = {isa = PBXFileReference; lastKnownFileType = sourcecode.swift; path = TimePeriodReverseComparer.swift; sourceTree = "<group>"; };
		0D3D029C235542FB00C46ECE /* TimePeriodStartComparer.swift */ = {isa = PBXFileReference; lastKnownFileType = sourcecode.swift; path = TimePeriodStartComparer.swift; sourceTree = "<group>"; };
		0D3D029D235542FB00C46ECE /* TimePeriodEndComparer.swift */ = {isa = PBXFileReference; lastKnownFileType = sourcecode.swift; path = TimePeriodEndComparer.swift; sourceTree = "<group>"; };
		0D3D029E235542FB00C46ECE /* TimePeriodComparerProtocol.swift */ = {isa = PBXFileReference; lastKnownFileType = sourcecode.swift; path = TimePeriodComparerProtocol.swift; sourceTree = "<group>"; };
		0D3D029F235542FB00C46ECE /* TimePeriodDurationComparer.swift */ = {isa = PBXFileReference; lastKnownFileType = sourcecode.swift; path = TimePeriodDurationComparer.swift; sourceTree = "<group>"; };
		0D3D02A1235542FB00C46ECE /* DurationFormatType.swift */ = {isa = PBXFileReference; lastKnownFileType = sourcecode.swift; path = DurationFormatType.swift; sourceTree = "<group>"; };
		0D3D02A2235542FB00C46ECE /* DurationProvider.swift */ = {isa = PBXFileReference; lastKnownFileType = sourcecode.swift; path = DurationProvider.swift; sourceTree = "<group>"; };
		0D3D02A3235542FB00C46ECE /* DurationProviderProtocol.swift */ = {isa = PBXFileReference; lastKnownFileType = sourcecode.swift; path = DurationProviderProtocol.swift; sourceTree = "<group>"; };
		0D3D02A4235542FB00C46ECE /* TimePeriodMapperProtocol.swift */ = {isa = PBXFileReference; lastKnownFileType = sourcecode.swift; path = TimePeriodMapperProtocol.swift; sourceTree = "<group>"; };
		0D3D02A6235542FD00C46ECE /* TimelineViewController.swift */ = {isa = PBXFileReference; lastKnownFileType = sourcecode.swift; path = TimelineViewController.swift; sourceTree = "<group>"; };
		0D4F4D1A23552ED500D7D01D /* MyTimePeriod.app */ = {isa = PBXFileReference; explicitFileType = wrapper.application; includeInIndex = 0; path = MyTimePeriod.app; sourceTree = BUILT_PRODUCTS_DIR; };
		0D4F4D2323552ED900D7D01D /* Assets.xcassets */ = {isa = PBXFileReference; lastKnownFileType = folder.assetcatalog; path = Assets.xcassets; sourceTree = "<group>"; };
		0D4F4D2623552ED900D7D01D /* Preview Assets.xcassets */ = {isa = PBXFileReference; lastKnownFileType = folder.assetcatalog; path = "Preview Assets.xcassets"; sourceTree = "<group>"; };
		0D4F4D2923552ED900D7D01D /* Base */ = {isa = PBXFileReference; lastKnownFileType = file.storyboard; name = Base; path = Base.lproj/LaunchScreen.storyboard; sourceTree = "<group>"; };
		0D4F4D2B23552ED900D7D01D /* Info.plist */ = {isa = PBXFileReference; lastKnownFileType = text.plist.xml; path = Info.plist; sourceTree = "<group>"; };
		0D4F4D3023552ED900D7D01D /* MyTimePeriodTests.xctest */ = {isa = PBXFileReference; explicitFileType = wrapper.cfbundle; includeInIndex = 0; path = MyTimePeriodTests.xctest; sourceTree = BUILT_PRODUCTS_DIR; };
		0D4F4D3423552ED900D7D01D /* MyTimePeriodTests.swift */ = {isa = PBXFileReference; lastKnownFileType = sourcecode.swift; path = MyTimePeriodTests.swift; sourceTree = "<group>"; };
		0D4F4D3623552ED900D7D01D /* Info.plist */ = {isa = PBXFileReference; lastKnownFileType = text.plist.xml; path = Info.plist; sourceTree = "<group>"; };
		0D4F4D3B23552ED900D7D01D /* MyTimePeriodUITests.xctest */ = {isa = PBXFileReference; explicitFileType = wrapper.cfbundle; includeInIndex = 0; path = MyTimePeriodUITests.xctest; sourceTree = BUILT_PRODUCTS_DIR; };
		0D4F4D3F23552ED900D7D01D /* MyTimePeriodUITests.swift */ = {isa = PBXFileReference; lastKnownFileType = sourcecode.swift; path = MyTimePeriodUITests.swift; sourceTree = "<group>"; };
		0D4F4D4123552ED900D7D01D /* Info.plist */ = {isa = PBXFileReference; lastKnownFileType = text.plist.xml; path = Info.plist; sourceTree = "<group>"; };
		0D4F4D8623552FC900D7D01D /* AppDelegate.swift */ = {isa = PBXFileReference; fileEncoding = 4; lastKnownFileType = sourcecode.swift; path = AppDelegate.swift; sourceTree = "<group>"; };
/* End PBXFileReference section */

/* Begin PBXFrameworksBuildPhase section */
		0D4F4D1723552ED500D7D01D /* Frameworks */ = {
			isa = PBXFrameworksBuildPhase;
			buildActionMask = 2147483647;
			files = (
			);
			runOnlyForDeploymentPostprocessing = 0;
		};
		0D4F4D2D23552ED900D7D01D /* Frameworks */ = {
			isa = PBXFrameworksBuildPhase;
			buildActionMask = 2147483647;
			files = (
			);
			runOnlyForDeploymentPostprocessing = 0;
		};
		0D4F4D3823552ED900D7D01D /* Frameworks */ = {
			isa = PBXFrameworksBuildPhase;
			buildActionMask = 2147483647;
			files = (
			);
			runOnlyForDeploymentPostprocessing = 0;
		};
/* End PBXFrameworksBuildPhase section */

/* Begin PBXGroup section */
		0D33E6552356598900D1A239 /* Moment */ = {
			isa = PBXGroup;
			children = (
				0D33E6532356542600D1A239 /* TimelineMomentProtocol.swift */,
				0D33E651235653BE00D1A239 /* TimelineMomentCollectionProtocol.swift */,
				0D33E656235659DD00D1A239 /* TimeLineMomentCollection.swift */,
				0D33E6582356675D00D1A239 /* TimelineMoment.swift */,
			);
			path = Moment;
			sourceTree = "<group>";
		};
		0D3D0291235542FB00C46ECE /* Basics */ = {
			isa = PBXGroup;
			children = (
				0D3D028C235542FB00C46ECE /* TimePeriodProtocol.swift */,
				0D3D028F235542FB00C46ECE /* TimeRangeProtocol.swift */,
				0D3D028D235542FB00C46ECE /* TimeBlockProtocol.swift */,
				0D3D0290235542FB00C46ECE /* TimeRange.swift */,
				0D3D028E235542FB00C46ECE /* TimeBlock.swift */,
			);
			path = Basics;
			sourceTree = "<group>";
		};
		0D3D029A235542FB00C46ECE /* Container */ = {
			isa = PBXGroup;
			children = (
				0D3D0297235542FB00C46ECE /* TimePeriodContainerProtocol.swift */,
				0D3D0299235542FB00C46ECE /* TimePeriodCollectionProtocol.swift */,
				0D3D0298235542FB00C46ECE /* TimePeriodCollection.swift */,
			);
			path = Container;
			sourceTree = "<group>";
		};
		0D3D02A0235542FB00C46ECE /* Comparer */ = {
			isa = PBXGroup;
			children = (
				0D3D029E235542FB00C46ECE /* TimePeriodComparerProtocol.swift */,
				0D3D029C235542FB00C46ECE /* TimePeriodStartComparer.swift */,
				0D3D029F235542FB00C46ECE /* TimePeriodDurationComparer.swift */,
				0D3D029D235542FB00C46ECE /* TimePeriodEndComparer.swift */,
				0D3D029B235542FB00C46ECE /* TimePeriodReverseComparer.swift */,
			);
			path = Comparer;
			sourceTree = "<group>";
		};
		0D3D02A5235542FB00C46ECE /* TimePeriod */ = {
			isa = PBXGroup;
			children = (
				0D3D0291235542FB00C46ECE /* Basics */,
				0D3D029A235542FB00C46ECE /* Container */,
				0D3D02A0235542FB00C46ECE /* Comparer */,
				0D33E6552356598900D1A239 /* Moment */,
				0D3D0292235542FB00C46ECE /* SortDirection.swift */,
				0D33E64F2356464300D1A239 /* SortType.swift */,
				0D3D0293235542FB00C46ECE /* TimePeriodCalc.swift */,
				0D3D0294235542FB00C46ECE /* IntervalEdge.swift */,
				0D3D0295235542FB00C46ECE /* PeriodRelation.swift */,
				0D3D0296235542FB00C46ECE /* TimeSpec.swift */,
				0D3D02A1235542FB00C46ECE /* DurationFormatType.swift */,
				0D3D02A2235542FB00C46ECE /* DurationProvider.swift */,
				0D3D02A3235542FB00C46ECE /* DurationProviderProtocol.swift */,
				0D3D02A4235542FB00C46ECE /* TimePeriodMapperProtocol.swift */,
			);
			name = TimePeriod;
			path = /Users/marcossimas/iosprojects/MyTimePeriod/MyTimePeriod/TimePeriod;
			sourceTree = "<absolute>";
		};
		0D3D02A7235542FD00C46ECE /* Controllers */ = {
			isa = PBXGroup;
			children = (
				0D3D02A6235542FD00C46ECE /* TimelineViewController.swift */,
			);
			name = Controllers;
			path = /Users/marcossimas/iosprojects/MyTimePeriod/MyTimePeriod/Controllers;
			sourceTree = "<absolute>";
		};
		0D4F4D1123552ED500D7D01D = {
			isa = PBXGroup;
			children = (
				0D4F4D1C23552ED500D7D01D /* MyTimePeriod */,
				0D4F4D3323552ED900D7D01D /* MyTimePeriodTests */,
				0D4F4D3E23552ED900D7D01D /* MyTimePeriodUITests */,
				0D4F4D1B23552ED500D7D01D /* Products */,
			);
			sourceTree = "<group>";
		};
		0D4F4D1B23552ED500D7D01D /* Products */ = {
			isa = PBXGroup;
			children = (
				0D4F4D1A23552ED500D7D01D /* MyTimePeriod.app */,
				0D4F4D3023552ED900D7D01D /* MyTimePeriodTests.xctest */,
				0D4F4D3B23552ED900D7D01D /* MyTimePeriodUITests.xctest */,
			);
			name = Products;
			sourceTree = "<group>";
		};
		0D4F4D1C23552ED500D7D01D /* MyTimePeriod */ = {
			isa = PBXGroup;
			children = (
				0D3D02A7235542FD00C46ECE /* Controllers */,
				0D3D02A5235542FB00C46ECE /* TimePeriod */,
				0D4F4D8623552FC900D7D01D /* AppDelegate.swift */,
				0D4F4D2323552ED900D7D01D /* Assets.xcassets */,
				0D4F4D2823552ED900D7D01D /* LaunchScreen.storyboard */,
				0D4F4D2B23552ED900D7D01D /* Info.plist */,
				0D4F4D2523552ED900D7D01D /* Preview Content */,
			);
			path = MyTimePeriod;
			sourceTree = "<group>";
		};
		0D4F4D2523552ED900D7D01D /* Preview Content */ = {
			isa = PBXGroup;
			children = (
				0D4F4D2623552ED900D7D01D /* Preview Assets.xcassets */,
			);
			path = "Preview Content";
			sourceTree = "<group>";
		};
		0D4F4D3323552ED900D7D01D /* MyTimePeriodTests */ = {
			isa = PBXGroup;
			children = (
				0D4F4D3423552ED900D7D01D /* MyTimePeriodTests.swift */,
				0D4F4D3623552ED900D7D01D /* Info.plist */,
			);
			path = MyTimePeriodTests;
			sourceTree = "<group>";
		};
		0D4F4D3E23552ED900D7D01D /* MyTimePeriodUITests */ = {
			isa = PBXGroup;
			children = (
				0D4F4D3F23552ED900D7D01D /* MyTimePeriodUITests.swift */,
				0D4F4D4123552ED900D7D01D /* Info.plist */,
			);
			path = MyTimePeriodUITests;
			sourceTree = "<group>";
		};
/* End PBXGroup section */

/* Begin PBXNativeTarget section */
		0D4F4D1923552ED500D7D01D /* MyTimePeriod */ = {
			isa = PBXNativeTarget;
			buildConfigurationList = 0D4F4D4423552ED900D7D01D /* Build configuration list for PBXNativeTarget "MyTimePeriod" */;
			buildPhases = (
				0D4F4D1623552ED500D7D01D /* Sources */,
				0D4F4D1723552ED500D7D01D /* Frameworks */,
				0D4F4D1823552ED500D7D01D /* Resources */,
			);
			buildRules = (
			);
			dependencies = (
			);
			name = MyTimePeriod;
			productName = MyTimePeriod;
			productReference = 0D4F4D1A23552ED500D7D01D /* MyTimePeriod.app */;
			productType = "com.apple.product-type.application";
		};
		0D4F4D2F23552ED900D7D01D /* MyTimePeriodTests */ = {
			isa = PBXNativeTarget;
			buildConfigurationList = 0D4F4D4723552ED900D7D01D /* Build configuration list for PBXNativeTarget "MyTimePeriodTests" */;
			buildPhases = (
				0D4F4D2C23552ED900D7D01D /* Sources */,
				0D4F4D2D23552ED900D7D01D /* Frameworks */,
				0D4F4D2E23552ED900D7D01D /* Resources */,
			);
			buildRules = (
			);
			dependencies = (
				0D4F4D3223552ED900D7D01D /* PBXTargetDependency */,
			);
			name = MyTimePeriodTests;
			productName = MyTimePeriodTests;
			productReference = 0D4F4D3023552ED900D7D01D /* MyTimePeriodTests.xctest */;
			productType = "com.apple.product-type.bundle.unit-test";
		};
		0D4F4D3A23552ED900D7D01D /* MyTimePeriodUITests */ = {
			isa = PBXNativeTarget;
			buildConfigurationList = 0D4F4D4A23552ED900D7D01D /* Build configuration list for PBXNativeTarget "MyTimePeriodUITests" */;
			buildPhases = (
				0D4F4D3723552ED900D7D01D /* Sources */,
				0D4F4D3823552ED900D7D01D /* Frameworks */,
				0D4F4D3923552ED900D7D01D /* Resources */,
			);
			buildRules = (
			);
			dependencies = (
				0D4F4D3D23552ED900D7D01D /* PBXTargetDependency */,
			);
			name = MyTimePeriodUITests;
			productName = MyTimePeriodUITests;
			productReference = 0D4F4D3B23552ED900D7D01D /* MyTimePeriodUITests.xctest */;
			productType = "com.apple.product-type.bundle.ui-testing";
		};
/* End PBXNativeTarget section */

/* Begin PBXProject section */
		0D4F4D1223552ED500D7D01D /* Project object */ = {
			isa = PBXProject;
			attributes = {
				LastSwiftUpdateCheck = 1110;
				LastUpgradeCheck = 1110;
				ORGANIZATIONNAME = "Marcos Simas";
				TargetAttributes = {
					0D4F4D1923552ED500D7D01D = {
						CreatedOnToolsVersion = 11.1;
					};
					0D4F4D2F23552ED900D7D01D = {
						CreatedOnToolsVersion = 11.1;
						TestTargetID = 0D4F4D1923552ED500D7D01D;
					};
					0D4F4D3A23552ED900D7D01D = {
						CreatedOnToolsVersion = 11.1;
						TestTargetID = 0D4F4D1923552ED500D7D01D;
					};
				};
			};
			buildConfigurationList = 0D4F4D1523552ED500D7D01D /* Build configuration list for PBXProject "MyTimePeriod" */;
			compatibilityVersion = "Xcode 9.3";
			developmentRegion = en;
			hasScannedForEncodings = 0;
			knownRegions = (
				en,
				Base,
			);
			mainGroup = 0D4F4D1123552ED500D7D01D;
			productRefGroup = 0D4F4D1B23552ED500D7D01D /* Products */;
			projectDirPath = "";
			projectRoot = "";
			targets = (
				0D4F4D1923552ED500D7D01D /* MyTimePeriod */,
				0D4F4D2F23552ED900D7D01D /* MyTimePeriodTests */,
				0D4F4D3A23552ED900D7D01D /* MyTimePeriodUITests */,
			);
		};
/* End PBXProject section */

/* Begin PBXResourcesBuildPhase section */
		0D4F4D1823552ED500D7D01D /* Resources */ = {
			isa = PBXResourcesBuildPhase;
			buildActionMask = 2147483647;
			files = (
				0D4F4D2A23552ED900D7D01D /* LaunchScreen.storyboard in Resources */,
				0D4F4D2723552ED900D7D01D /* Preview Assets.xcassets in Resources */,
				0D4F4D2423552ED900D7D01D /* Assets.xcassets in Resources */,
			);
			runOnlyForDeploymentPostprocessing = 0;
		};
		0D4F4D2E23552ED900D7D01D /* Resources */ = {
			isa = PBXResourcesBuildPhase;
			buildActionMask = 2147483647;
			files = (
			);
			runOnlyForDeploymentPostprocessing = 0;
		};
		0D4F4D3923552ED900D7D01D /* Resources */ = {
			isa = PBXResourcesBuildPhase;
			buildActionMask = 2147483647;
			files = (
			);
			runOnlyForDeploymentPostprocessing = 0;
		};
/* End PBXResourcesBuildPhase section */

/* Begin PBXSourcesBuildPhase section */
		0D4F4D1623552ED500D7D01D /* Sources */ = {
			isa = PBXSourcesBuildPhase;
			buildActionMask = 2147483647;
			files = (
				0D3D02AC235543E600C46ECE /* TimeBlockProtocol.swift in Sources */,
				0D3D02BC2355442000C46ECE /* TimeSpec.swift in Sources */,
				0D3D02B02355440000C46ECE /* TimePeriodCollection.swift in Sources */,
				0D3D02BA2355442000C46ECE /* TimePeriodMapperProtocol.swift in Sources */,
				0D3D02B42355441200C46ECE /* TimePeriodComparerProtocol.swift in Sources */,
				0D3D02BB2355442000C46ECE /* DurationProvider.swift in Sources */,
				0D33E652235653BE00D1A239 /* TimelineMomentCollectionProtocol.swift in Sources */,
				0D33E6542356542600D1A239 /* TimelineMomentProtocol.swift in Sources */,
				0D3D02B72355442000C46ECE /* IntervalEdge.swift in Sources */,
				0D3D02B82355442000C46ECE /* DurationProviderProtocol.swift in Sources */,
				0D3D02AE2355440000C46ECE /* TimePeriodCollectionProtocol.swift in Sources */,
				0D3D02B62355442000C46ECE /* TimePeriodCalc.swift in Sources */,
				0D33E657235659DD00D1A239 /* TimeLineMomentCollection.swift in Sources */,
				0D3D02AF2355440000C46ECE /* TimePeriodContainerProtocol.swift in Sources */,
				0D3D02A9235543CE00C46ECE /* TimeRange.swift in Sources */,
				0D3D02BE2355442000C46ECE /* DurationFormatType.swift in Sources */,
				0D3D02AD235543E900C46ECE /* TimeBlock.swift in Sources */,
				0D4F4D8723552FC900D7D01D /* AppDelegate.swift in Sources */,
				0D3D02B32355441200C46ECE /* TimePeriodStartComparer.swift in Sources */,
				0D3D02AB235543E500C46ECE /* TimeRangeProtocol.swift in Sources */,
				0D3D02BD2355442000C46ECE /* PeriodRelation.swift in Sources */,
				0D3D02A8235543B000C46ECE /* TimelineViewController.swift in Sources */,
				0D3D02B22355441200C46ECE /* TimePeriodReverseComparer.swift in Sources */,
				0D33E6502356464300D1A239 /* SortType.swift in Sources */,
				0D3D02AA235543E300C46ECE /* TimePeriodProtocol.swift in Sources */,
				0D33E6592356675D00D1A239 /* TimelineMoment.swift in Sources */,
				0D3D02B12355441200C46ECE /* TimePeriodEndComparer.swift in Sources */,
				0D3D02B92355442000C46ECE /* SortDirection.swift in Sources */,
				0D3D02B52355441200C46ECE /* TimePeriodDurationComparer.swift in Sources */,
			);
			runOnlyForDeploymentPostprocessing = 0;
		};
		0D4F4D2C23552ED900D7D01D /* Sources */ = {
			isa = PBXSourcesBuildPhase;
			buildActionMask = 2147483647;
			files = (
				0D4F4D3523552ED900D7D01D /* MyTimePeriodTests.swift in Sources */,
			);
			runOnlyForDeploymentPostprocessing = 0;
		};
		0D4F4D3723552ED900D7D01D /* Sources */ = {
			isa = PBXSourcesBuildPhase;
			buildActionMask = 2147483647;
			files = (
				0D4F4D4023552ED900D7D01D /* MyTimePeriodUITests.swift in Sources */,
			);
			runOnlyForDeploymentPostprocessing = 0;
		};
/* End PBXSourcesBuildPhase section */

/* Begin PBXTargetDependency section */
		0D4F4D3223552ED900D7D01D /* PBXTargetDependency */ = {
			isa = PBXTargetDependency;
			target = 0D4F4D1923552ED500D7D01D /* MyTimePeriod */;
			targetProxy = 0D4F4D3123552ED900D7D01D /* PBXContainerItemProxy */;
		};
		0D4F4D3D23552ED900D7D01D /* PBXTargetDependency */ = {
			isa = PBXTargetDependency;
			target = 0D4F4D1923552ED500D7D01D /* MyTimePeriod */;
			targetProxy = 0D4F4D3C23552ED900D7D01D /* PBXContainerItemProxy */;
		};
/* End PBXTargetDependency section */

/* Begin PBXVariantGroup section */
		0D4F4D2823552ED900D7D01D /* LaunchScreen.storyboard */ = {
			isa = PBXVariantGroup;
			children = (
				0D4F4D2923552ED900D7D01D /* Base */,
			);
			name = LaunchScreen.storyboard;
			sourceTree = "<group>";
		};
/* End PBXVariantGroup section */

/* Begin XCBuildConfiguration section */
		0D4F4D4223552ED900D7D01D /* Debug */ = {
			isa = XCBuildConfiguration;
			buildSettings = {
				ALWAYS_SEARCH_USER_PATHS = NO;
				CLANG_ANALYZER_NONNULL = YES;
				CLANG_ANALYZER_NUMBER_OBJECT_CONVERSION = YES_AGGRESSIVE;
				CLANG_CXX_LANGUAGE_STANDARD = "gnu++14";
				CLANG_CXX_LIBRARY = "libc++";
				CLANG_ENABLE_MODULES = YES;
				CLANG_ENABLE_OBJC_ARC = YES;
				CLANG_ENABLE_OBJC_WEAK = YES;
				CLANG_WARN_BLOCK_CAPTURE_AUTORELEASING = YES;
				CLANG_WARN_BOOL_CONVERSION = YES;
				CLANG_WARN_COMMA = YES;
				CLANG_WARN_CONSTANT_CONVERSION = YES;
				CLANG_WARN_DEPRECATED_OBJC_IMPLEMENTATIONS = YES;
				CLANG_WARN_DIRECT_OBJC_ISA_USAGE = YES_ERROR;
				CLANG_WARN_DOCUMENTATION_COMMENTS = YES;
				CLANG_WARN_EMPTY_BODY = YES;
				CLANG_WARN_ENUM_CONVERSION = YES;
				CLANG_WARN_INFINITE_RECURSION = YES;
				CLANG_WARN_INT_CONVERSION = YES;
				CLANG_WARN_NON_LITERAL_NULL_CONVERSION = YES;
				CLANG_WARN_OBJC_IMPLICIT_RETAIN_SELF = YES;
				CLANG_WARN_OBJC_LITERAL_CONVERSION = YES;
				CLANG_WARN_OBJC_ROOT_CLASS = YES_ERROR;
				CLANG_WARN_RANGE_LOOP_ANALYSIS = YES;
				CLANG_WARN_STRICT_PROTOTYPES = YES;
				CLANG_WARN_SUSPICIOUS_MOVE = YES;
				CLANG_WARN_UNGUARDED_AVAILABILITY = YES_AGGRESSIVE;
				CLANG_WARN_UNREACHABLE_CODE = YES;
				CLANG_WARN__DUPLICATE_METHOD_MATCH = YES;
				COPY_PHASE_STRIP = NO;
				DEBUG_INFORMATION_FORMAT = dwarf;
				ENABLE_STRICT_OBJC_MSGSEND = YES;
				ENABLE_TESTABILITY = YES;
				GCC_C_LANGUAGE_STANDARD = gnu11;
				GCC_DYNAMIC_NO_PIC = NO;
				GCC_NO_COMMON_BLOCKS = YES;
				GCC_OPTIMIZATION_LEVEL = 0;
				GCC_PREPROCESSOR_DEFINITIONS = (
					"DEBUG=1",
					"$(inherited)",
				);
				GCC_WARN_64_TO_32_BIT_CONVERSION = YES;
				GCC_WARN_ABOUT_RETURN_TYPE = YES_ERROR;
				GCC_WARN_UNDECLARED_SELECTOR = YES;
				GCC_WARN_UNINITIALIZED_AUTOS = YES_AGGRESSIVE;
				GCC_WARN_UNUSED_FUNCTION = YES;
				GCC_WARN_UNUSED_VARIABLE = YES;
				IPHONEOS_DEPLOYMENT_TARGET = 13.1;
				MTL_ENABLE_DEBUG_INFO = INCLUDE_SOURCE;
				MTL_FAST_MATH = YES;
				ONLY_ACTIVE_ARCH = YES;
				SDKROOT = iphoneos;
				SWIFT_ACTIVE_COMPILATION_CONDITIONS = DEBUG;
				SWIFT_OPTIMIZATION_LEVEL = "-Onone";
			};
			name = Debug;
		};
		0D4F4D4323552ED900D7D01D /* Release */ = {
			isa = XCBuildConfiguration;
			buildSettings = {
				ALWAYS_SEARCH_USER_PATHS = NO;
				CLANG_ANALYZER_NONNULL = YES;
				CLANG_ANALYZER_NUMBER_OBJECT_CONVERSION = YES_AGGRESSIVE;
				CLANG_CXX_LANGUAGE_STANDARD = "gnu++14";
				CLANG_CXX_LIBRARY = "libc++";
				CLANG_ENABLE_MODULES = YES;
				CLANG_ENABLE_OBJC_ARC = YES;
				CLANG_ENABLE_OBJC_WEAK = YES;
				CLANG_WARN_BLOCK_CAPTURE_AUTORELEASING = YES;
				CLANG_WARN_BOOL_CONVERSION = YES;
				CLANG_WARN_COMMA = YES;
				CLANG_WARN_CONSTANT_CONVERSION = YES;
				CLANG_WARN_DEPRECATED_OBJC_IMPLEMENTATIONS = YES;
				CLANG_WARN_DIRECT_OBJC_ISA_USAGE = YES_ERROR;
				CLANG_WARN_DOCUMENTATION_COMMENTS = YES;
				CLANG_WARN_EMPTY_BODY = YES;
				CLANG_WARN_ENUM_CONVERSION = YES;
				CLANG_WARN_INFINITE_RECURSION = YES;
				CLANG_WARN_INT_CONVERSION = YES;
				CLANG_WARN_NON_LITERAL_NULL_CONVERSION = YES;
				CLANG_WARN_OBJC_IMPLICIT_RETAIN_SELF = YES;
				CLANG_WARN_OBJC_LITERAL_CONVERSION = YES;
				CLANG_WARN_OBJC_ROOT_CLASS = YES_ERROR;
				CLANG_WARN_RANGE_LOOP_ANALYSIS = YES;
				CLANG_WARN_STRICT_PROTOTYPES = YES;
				CLANG_WARN_SUSPICIOUS_MOVE = YES;
				CLANG_WARN_UNGUARDED_AVAILABILITY = YES_AGGRESSIVE;
				CLANG_WARN_UNREACHABLE_CODE = YES;
				CLANG_WARN__DUPLICATE_METHOD_MATCH = YES;
				COPY_PHASE_STRIP = NO;
				DEBUG_INFORMATION_FORMAT = "dwarf-with-dsym";
				ENABLE_NS_ASSERTIONS = NO;
				ENABLE_STRICT_OBJC_MSGSEND = YES;
				GCC_C_LANGUAGE_STANDARD = gnu11;
				GCC_NO_COMMON_BLOCKS = YES;
				GCC_WARN_64_TO_32_BIT_CONVERSION = YES;
				GCC_WARN_ABOUT_RETURN_TYPE = YES_ERROR;
				GCC_WARN_UNDECLARED_SELECTOR = YES;
				GCC_WARN_UNINITIALIZED_AUTOS = YES_AGGRESSIVE;
				GCC_WARN_UNUSED_FUNCTION = YES;
				GCC_WARN_UNUSED_VARIABLE = YES;
				IPHONEOS_DEPLOYMENT_TARGET = 13.1;
				MTL_ENABLE_DEBUG_INFO = NO;
				MTL_FAST_MATH = YES;
				SDKROOT = iphoneos;
				SWIFT_COMPILATION_MODE = wholemodule;
				SWIFT_OPTIMIZATION_LEVEL = "-O";
				VALIDATE_PRODUCT = YES;
			};
			name = Release;
		};
		0D4F4D4523552ED900D7D01D /* Debug */ = {
			isa = XCBuildConfiguration;
			buildSettings = {
				ASSETCATALOG_COMPILER_APPICON_NAME = AppIcon;
				CODE_SIGN_STYLE = Automatic;
				DEVELOPMENT_ASSET_PATHS = "\"MyTimePeriod/Preview Content\"";
				ENABLE_PREVIEWS = YES;
				INFOPLIST_FILE = MyTimePeriod/Info.plist;
				LD_RUNPATH_SEARCH_PATHS = (
					"$(inherited)",
					"@executable_path/Frameworks",
				);
				PRODUCT_BUNDLE_IDENTIFIER = br.com.marcossimas.MyTimePeriod;
				PRODUCT_NAME = "$(TARGET_NAME)";
				SWIFT_VERSION = 5.0;
				TARGETED_DEVICE_FAMILY = "1,2";
			};
			name = Debug;
		};
		0D4F4D4623552ED900D7D01D /* Release */ = {
			isa = XCBuildConfiguration;
			buildSettings = {
				ASSETCATALOG_COMPILER_APPICON_NAME = AppIcon;
				CODE_SIGN_STYLE = Automatic;
				DEVELOPMENT_ASSET_PATHS = "\"MyTimePeriod/Preview Content\"";
				ENABLE_PREVIEWS = YES;
				INFOPLIST_FILE = MyTimePeriod/Info.plist;
				LD_RUNPATH_SEARCH_PATHS = (
					"$(inherited)",
					"@executable_path/Frameworks",
				);
				PRODUCT_BUNDLE_IDENTIFIER = br.com.marcossimas.MyTimePeriod;
				PRODUCT_NAME = "$(TARGET_NAME)";
				SWIFT_VERSION = 5.0;
				TARGETED_DEVICE_FAMILY = "1,2";
			};
			name = Release;
		};
		0D4F4D4823552ED900D7D01D /* Debug */ = {
			isa = XCBuildConfiguration;
			buildSettings = {
				ALWAYS_EMBED_SWIFT_STANDARD_LIBRARIES = YES;
				BUNDLE_LOADER = "$(TEST_HOST)";
				CODE_SIGN_STYLE = Automatic;
				INFOPLIST_FILE = MyTimePeriodTests/Info.plist;
				IPHONEOS_DEPLOYMENT_TARGET = 13.1;
				LD_RUNPATH_SEARCH_PATHS = (
					"$(inherited)",
					"@executable_path/Frameworks",
					"@loader_path/Frameworks",
				);
				PRODUCT_BUNDLE_IDENTIFIER = br.com.marcossimas.MyTimePeriodTests;
				PRODUCT_NAME = "$(TARGET_NAME)";
				SWIFT_VERSION = 5.0;
				TARGETED_DEVICE_FAMILY = "1,2";
				TEST_HOST = "$(BUILT_PRODUCTS_DIR)/MyTimePeriod.app/MyTimePeriod";
			};
			name = Debug;
		};
		0D4F4D4923552ED900D7D01D /* Release */ = {
			isa = XCBuildConfiguration;
			buildSettings = {
				ALWAYS_EMBED_SWIFT_STANDARD_LIBRARIES = YES;
				BUNDLE_LOADER = "$(TEST_HOST)";
				CODE_SIGN_STYLE = Automatic;
				INFOPLIST_FILE = MyTimePeriodTests/Info.plist;
				IPHONEOS_DEPLOYMENT_TARGET = 13.1;
				LD_RUNPATH_SEARCH_PATHS = (
					"$(inherited)",
					"@executable_path/Frameworks",
					"@loader_path/Frameworks",
				);
				PRODUCT_BUNDLE_IDENTIFIER = br.com.marcossimas.MyTimePeriodTests;
				PRODUCT_NAME = "$(TARGET_NAME)";
				SWIFT_VERSION = 5.0;
				TARGETED_DEVICE_FAMILY = "1,2";
				TEST_HOST = "$(BUILT_PRODUCTS_DIR)/MyTimePeriod.app/MyTimePeriod";
			};
			name = Release;
		};
		0D4F4D4B23552ED900D7D01D /* Debug */ = {
			isa = XCBuildConfiguration;
			buildSettings = {
				ALWAYS_EMBED_SWIFT_STANDARD_LIBRARIES = YES;
				CODE_SIGN_STYLE = Automatic;
				INFOPLIST_FILE = MyTimePeriodUITests/Info.plist;
				LD_RUNPATH_SEARCH_PATHS = (
					"$(inherited)",
					"@executable_path/Frameworks",
					"@loader_path/Frameworks",
				);
				PRODUCT_BUNDLE_IDENTIFIER = br.com.marcossimas.MyTimePeriodUITests;
				PRODUCT_NAME = "$(TARGET_NAME)";
				SWIFT_VERSION = 5.0;
				TARGETED_DEVICE_FAMILY = "1,2";
				TEST_TARGET_NAME = MyTimePeriod;
			};
			name = Debug;
		};
		0D4F4D4C23552ED900D7D01D /* Release */ = {
			isa = XCBuildConfiguration;
			buildSettings = {
				ALWAYS_EMBED_SWIFT_STANDARD_LIBRARIES = YES;
				CODE_SIGN_STYLE = Automatic;
				INFOPLIST_FILE = MyTimePeriodUITests/Info.plist;
				LD_RUNPATH_SEARCH_PATHS = (
					"$(inherited)",
					"@executable_path/Frameworks",
					"@loader_path/Frameworks",
				);
				PRODUCT_BUNDLE_IDENTIFIER = br.com.marcossimas.MyTimePeriodUITests;
				PRODUCT_NAME = "$(TARGET_NAME)";
				SWIFT_VERSION = 5.0;
				TARGETED_DEVICE_FAMILY = "1,2";
				TEST_TARGET_NAME = MyTimePeriod;
			};
			name = Release;
		};
/* End XCBuildConfiguration section */

/* Begin XCConfigurationList section */
		0D4F4D1523552ED500D7D01D /* Build configuration list for PBXProject "MyTimePeriod" */ = {
			isa = XCConfigurationList;
			buildConfigurations = (
				0D4F4D4223552ED900D7D01D /* Debug */,
				0D4F4D4323552ED900D7D01D /* Release */,
			);
			defaultConfigurationIsVisible = 0;
			defaultConfigurationName = Release;
		};
		0D4F4D4423552ED900D7D01D /* Build configuration list for PBXNativeTarget "MyTimePeriod" */ = {
			isa = XCConfigurationList;
			buildConfigurations = (
				0D4F4D4523552ED900D7D01D /* Debug */,
				0D4F4D4623552ED900D7D01D /* Release */,
			);
			defaultConfigurationIsVisible = 0;
			defaultConfigurationName = Release;
		};
		0D4F4D4723552ED900D7D01D /* Build configuration list for PBXNativeTarget "MyTimePeriodTests" */ = {
			isa = XCConfigurationList;
			buildConfigurations = (
				0D4F4D4823552ED900D7D01D /* Debug */,
				0D4F4D4923552ED900D7D01D /* Release */,
			);
			defaultConfigurationIsVisible = 0;
			defaultConfigurationName = Release;
		};
		0D4F4D4A23552ED900D7D01D /* Build configuration list for PBXNativeTarget "MyTimePeriodUITests" */ = {
			isa = XCConfigurationList;
			buildConfigurations = (
				0D4F4D4B23552ED900D7D01D /* Debug */,
				0D4F4D4C23552ED900D7D01D /* Release */,
			);
			defaultConfigurationIsVisible = 0;
			defaultConfigurationName = Release;
		};
/* End XCConfigurationList section */
	};
	rootObject = 0D4F4D1223552ED500D7D01D /* Project object */;
}
